
Microsoft Visual Studio Solution File, Format Version 12.00
# Visual Studio Version 17
VisualStudioVersion = 17.1.32328.378
MinimumVisualStudioVersion = 10.0.40219.1
Project("{FAE04EC0-301F-11D3-BF4B-00C04F79EFBC}") = "Video_Downloader", "Video_Downloader\Video_Downloader.csproj", "{5D4B1455-7F51-420F-8BA0-95FF764EF33E}"
EndProject
Project("{2150E333-8FDC-42A3-9474-1A3956D46DE8}") = "Plugin", "Plugin", "{0643E800-9DE4-4753-AB56-DFE3E5073317}"
EndProject
Project("{9A19103F-16F7-4668-BE54-9A1E7A4F7556}") = "YoutubeDlPlugin", "YoutubeDlPlugin\YoutubeDlPlugin.csproj", "{A9A4F4D8-A037-4FD0-A565-A96C166A201E}"
EndProject
Project("{9A19103F-16F7-4668-BE54-9A1E7A4F7556}") = "PluginSchema", "PluginSchema\PluginSchema.csproj", "{5105EECD-A6D7-4FA0-A0E7-D9F3C381C61E}"
EndProject
Global
	GlobalSection(SolutionConfigurationPlatforms) = preSolution
		Debug|Any CPU = Debug|Any CPU
		Release|Any CPU = Release|Any CPU
	EndGlobalSection
	GlobalSection(ProjectConfigurationPlatforms) = postSolution
		{5D4B1455-7F51-420F-8BA0-95FF764EF33E}.Debug|Any CPU.ActiveCfg = Debug|Any CPU
		{5D4B1455-7F51-420F-8BA0-95FF764EF33E}.Debug|Any CPU.Build.0 = Debug|Any CPU
		{5D4B1455-7F51-420F-8BA0-95FF764EF33E}.Release|Any CPU.ActiveCfg = Release|Any CPU
		{5D4B1455-7F51-420F-8BA0-95FF764EF33E}.Release|Any CPU.Build.0 = Release|Any CPU
		{A9A4F4D8-A037-4FD0-A565-A96C166A201E}.Debug|Any CPU.ActiveCfg = Debug|Any CPU
		{A9A4F4D8-A037-4FD0-A565-A96C166A201E}.Debug|Any CPU.Build.0 = Debug|Any CPU
		{A9A4F4D8-A037-4FD0-A565-A96C166A201E}.Release|Any CPU.ActiveCfg = Release|Any CPU
		{A9A4F4D8-A037-4FD0-A565-A96C166A201E}.Release|Any CPU.Build.0 = Release|Any CPU
		{5105EECD-A6D7-4FA0-A0E7-D9F3C381C61E}.Debug|Any CPU.ActiveCfg = Debug|Any CPU
		{5105EECD-A6D7-4FA0-A0E7-D9F3C381C61E}.Debug|Any CPU.Build.0 = Debug|Any CPU
		{5105EECD-A6D7-4FA0-A0E7-D9F3C381C61E}.Release|Any CPU.ActiveCfg = Release|Any CPU
		{5105EECD-A6D7-4FA0-A0E7-D9F3C381C61E}.Release|Any CPU.Build.0 = Release|Any CPU
	EndGlobalSection
	GlobalSection(SolutionProperties) = preSolution
		HideSolutionNode = FALSE
	EndGlobalSection
	GlobalSection(NestedProjects) = preSolution
		{A9A4F4D8-A037-4FD0-A565-A96C166A201E} = {0643E800-9DE4-4753-AB56-DFE3E5073317}
		{5105EECD-A6D7-4FA0-A0E7-D9F3C381C61E} = {0643E800-9DE4-4753-AB56-DFE3E5073317}
	EndGlobalSection
	GlobalSection(ExtensibilityGlobals) = postSolution
		SolutionGuid = {B9E65DE5-4F9F-456A-81F7-C72E75A56C6E}
	EndGlobalSection
EndGlobal
